
Microsoft Visual Studio Solution File, Format Version 12.00
# Visual Studio Version 17
VisualStudioVersion = 17.4.33122.133
MinimumVisualStudioVersion = 10.0.40219.1
Project("{9A19103F-16F7-4668-BE54-9A1E7A4F7556}") = "Api", "Api\Api.csproj", "{388594E3-0AE1-4A4B-B9A8-D73CB09439D9}"
EndProject
Project("{9A19103F-16F7-4668-BE54-9A1E7A4F7556}") = "Entities", "Entities\Entities.csproj", "{1AB7F196-D20D-4876-BA6C-E4FBBC6AD82C}"
EndProject
Project("{9A19103F-16F7-4668-BE54-9A1E7A4F7556}") = "Dal", "Dal\Dal.csproj", "{081BBEA3-555D-4114-93C3-3C77CFC3E2FE}"
EndProject
Project("{9A19103F-16F7-4668-BE54-9A1E7A4F7556}") = "Business", "Business\Business.csproj", "{E1E5CFE1-1EFA-43C9-AB42-7A5C6615AC7F}"
EndProject
Project("{9A19103F-16F7-4668-BE54-9A1E7A4F7556}") = "MvcUI", "MvcUI\MvcUI.csproj", "{F46BD9FC-381C-4F4C-A51C-BA7236583618}"
EndProject
Project("{9A19103F-16F7-4668-BE54-9A1E7A4F7556}") = "Core", "Core\Core.csproj", "{A20B02FD-225A-4CBD-90AE-CC29D14833A0}"
EndProject
Project("{9A19103F-16F7-4668-BE54-9A1E7A4F7556}") = "DenemeMvcUi", "DenemeMvcUi\DenemeMvcUi.csproj", "{E01A4AF5-9825-47A8-9FFE-95849DC45955}"
EndProject
Global
	GlobalSection(SolutionConfigurationPlatforms) = preSolution
		Debug|Any CPU = Debug|Any CPU
		Release|Any CPU = Release|Any CPU
	EndGlobalSection
	GlobalSection(ProjectConfigurationPlatforms) = postSolution
		{388594E3-0AE1-4A4B-B9A8-D73CB09439D9}.Debug|Any CPU.ActiveCfg = Debug|Any CPU
		{388594E3-0AE1-4A4B-B9A8-D73CB09439D9}.Debug|Any CPU.Build.0 = Debug|Any CPU
		{388594E3-0AE1-4A4B-B9A8-D73CB09439D9}.Release|Any CPU.ActiveCfg = Release|Any CPU
		{388594E3-0AE1-4A4B-B9A8-D73CB09439D9}.Release|Any CPU.Build.0 = Release|Any CPU
		{1AB7F196-D20D-4876-BA6C-E4FBBC6AD82C}.Debug|Any CPU.ActiveCfg = Debug|Any CPU
		{1AB7F196-D20D-4876-BA6C-E4FBBC6AD82C}.Debug|Any CPU.Build.0 = Debug|Any CPU
		{1AB7F196-D20D-4876-BA6C-E4FBBC6AD82C}.Release|Any CPU.ActiveCfg = Release|Any CPU
		{1AB7F196-D20D-4876-BA6C-E4FBBC6AD82C}.Release|Any CPU.Build.0 = Release|Any CPU
		{081BBEA3-555D-4114-93C3-3C77CFC3E2FE}.Debug|Any CPU.ActiveCfg = Debug|Any CPU
		{081BBEA3-555D-4114-93C3-3C77CFC3E2FE}.Debug|Any CPU.Build.0 = Debug|Any CPU
		{081BBEA3-555D-4114-93C3-3C77CFC3E2FE}.Release|Any CPU.ActiveCfg = Release|Any CPU
		{081BBEA3-555D-4114-93C3-3C77CFC3E2FE}.Release|Any CPU.Build.0 = Release|Any CPU
		{E1E5CFE1-1EFA-43C9-AB42-7A5C6615AC7F}.Debug|Any CPU.ActiveCfg = Debug|Any CPU
		{E1E5CFE1-1EFA-43C9-AB42-7A5C6615AC7F}.Debug|Any CPU.Build.0 = Debug|Any CPU
		{E1E5CFE1-1EFA-43C9-AB42-7A5C6615AC7F}.Release|Any CPU.ActiveCfg = Release|Any CPU
		{E1E5CFE1-1EFA-43C9-AB42-7A5C6615AC7F}.Release|Any CPU.Build.0 = Release|Any CPU
		{F46BD9FC-381C-4F4C-A51C-BA7236583618}.Debug|Any CPU.ActiveCfg = Debug|Any CPU
		{F46BD9FC-381C-4F4C-A51C-BA7236583618}.Debug|Any CPU.Build.0 = Debug|Any CPU
		{F46BD9FC-381C-4F4C-A51C-BA7236583618}.Release|Any CPU.ActiveCfg = Release|Any CPU
		{F46BD9FC-381C-4F4C-A51C-BA7236583618}.Release|Any CPU.Build.0 = Release|Any CPU
		{A20B02FD-225A-4CBD-90AE-CC29D14833A0}.Debug|Any CPU.ActiveCfg = Debug|Any CPU
		{A20B02FD-225A-4CBD-90AE-CC29D14833A0}.Debug|Any CPU.Build.0 = Debug|Any CPU
		{A20B02FD-225A-4CBD-90AE-CC29D14833A0}.Release|Any CPU.ActiveCfg = Release|Any CPU
		{A20B02FD-225A-4CBD-90AE-CC29D14833A0}.Release|Any CPU.Build.0 = Release|Any CPU
		{E01A4AF5-9825-47A8-9FFE-95849DC45955}.Debug|Any CPU.ActiveCfg = Debug|Any CPU
		{E01A4AF5-9825-47A8-9FFE-95849DC45955}.Debug|Any CPU.Build.0 = Debug|Any CPU
		{E01A4AF5-9825-47A8-9FFE-95849DC45955}.Release|Any CPU.ActiveCfg = Release|Any CPU
		{E01A4AF5-9825-47A8-9FFE-95849DC45955}.Release|Any CPU.Build.0 = Release|Any CPU
	EndGlobalSection
	GlobalSection(SolutionProperties) = preSolution
		HideSolutionNode = FALSE
	EndGlobalSection
	GlobalSection(ExtensibilityGlobals) = postSolution
		SolutionGuid = {C6471BF5-12D9-4270-B54B-E7ECA9E5BAC5}
	EndGlobalSection
EndGlobal
